
Microsoft Visual Studio Solution File, Format Version 12.00
# Visual Studio Version 16
VisualStudioVersion = 16.0.29613.14
MinimumVisualStudioVersion = 10.0.40219.1
Project("{9A19103F-16F7-4668-BE54-9A1E7A4F7556}") = "DistributedLock", "DistributedLock\DistributedLock.csproj", "{C1F56B68-C2EE-48E5-A99B-B40D397AE34F}"
EndProject
Project("{9A19103F-16F7-4668-BE54-9A1E7A4F7556}") = "DistributedLock.Tests", "DistributedLock.Tests\DistributedLock.Tests.csproj", "{DDAD6899-3EF5-49BC-A41D-D46F50751457}"
EndProject
Project("{9A19103F-16F7-4668-BE54-9A1E7A4F7556}") = "DistributedLockTaker", "DistributedLockTaker\DistributedLockTaker.csproj", "{6219CF2C-A3F8-4453-BE20-79EFC32987D9}"
EndProject
Project("{FAE04EC0-301F-11D3-BF4B-00C04F79EFBC}") = "DistributedLock.Postgres", "DistributedLock.Postgres\DistributedLock.Postgres.csproj", "{2646CB8F-FB5E-4712-8B1B-C1F991228A14}"
EndProject
Global
	GlobalSection(SolutionConfigurationPlatforms) = preSolution
		Debug|Any CPU = Debug|Any CPU
		Release|Any CPU = Release|Any CPU
	EndGlobalSection
	GlobalSection(ProjectConfigurationPlatforms) = postSolution
		{C1F56B68-C2EE-48E5-A99B-B40D397AE34F}.Debug|Any CPU.ActiveCfg = Debug|Any CPU
		{C1F56B68-C2EE-48E5-A99B-B40D397AE34F}.Debug|Any CPU.Build.0 = Debug|Any CPU
		{C1F56B68-C2EE-48E5-A99B-B40D397AE34F}.Release|Any CPU.ActiveCfg = Release|Any CPU
		{C1F56B68-C2EE-48E5-A99B-B40D397AE34F}.Release|Any CPU.Build.0 = Release|Any CPU
		{DDAD6899-3EF5-49BC-A41D-D46F50751457}.Debug|Any CPU.ActiveCfg = Debug|Any CPU
		{DDAD6899-3EF5-49BC-A41D-D46F50751457}.Debug|Any CPU.Build.0 = Debug|Any CPU
		{DDAD6899-3EF5-49BC-A41D-D46F50751457}.Release|Any CPU.ActiveCfg = Release|Any CPU
		{DDAD6899-3EF5-49BC-A41D-D46F50751457}.Release|Any CPU.Build.0 = Release|Any CPU
		{6219CF2C-A3F8-4453-BE20-79EFC32987D9}.Debug|Any CPU.ActiveCfg = Debug|Any CPU
		{6219CF2C-A3F8-4453-BE20-79EFC32987D9}.Debug|Any CPU.Build.0 = Debug|Any CPU
		{6219CF2C-A3F8-4453-BE20-79EFC32987D9}.Release|Any CPU.ActiveCfg = Release|Any CPU
		{6219CF2C-A3F8-4453-BE20-79EFC32987D9}.Release|Any CPU.Build.0 = Release|Any CPU
		{2646CB8F-FB5E-4712-8B1B-C1F991228A14}.Debug|Any CPU.ActiveCfg = Debug|Any CPU
		{2646CB8F-FB5E-4712-8B1B-C1F991228A14}.Debug|Any CPU.Build.0 = Debug|Any CPU
		{2646CB8F-FB5E-4712-8B1B-C1F991228A14}.Release|Any CPU.ActiveCfg = Release|Any CPU
		{2646CB8F-FB5E-4712-8B1B-C1F991228A14}.Release|Any CPU.Build.0 = Release|Any CPU
	EndGlobalSection
	GlobalSection(SolutionProperties) = preSolution
		HideSolutionNode = FALSE
	EndGlobalSection
	GlobalSection(ExtensibilityGlobals) = postSolution
		SolutionGuid = {A57197BF-F870-4DEC-AE23-EB1C5041DBED}
	EndGlobalSection
EndGlobal
