{
  "version": 2,
  "dependencies": {
    ".NETFramework,Version=v4.6.2": {
      "Microsoft.CodeAnalysis.PublicApiAnalyzers": {
        "type": "Direct",
        "requested": "[3.3.4, )",
        "resolved": "3.3.4",
        "contentHash": "kNLTfXtXUWDHVt5iaPkkiPuyHYlMgLI6SOFT4w88bfeI2vqSeGgHunFkdvlaCM8RDfcY0t2+jnesQtidRJJ/DA=="
      },
      "Microsoft.Data.SqlClient": {
        "type": "Direct",
        "requested": "[6.1.4, )",
        "resolved": "6.1.4",
        "contentHash": "lQcSog5LLImg4yNEuuG6ccvdzXnCvER8Rms9Ngk9zB4Q8na4f+S7/abSoC7gnEltBg4e5xTnLAWmMLIOtLg4pg==",
        "dependencies": {
          "Azure.Core": "1.50.0",
          "Azure.Identity": "1.17.1",
          "Microsoft.Data.SqlClient.SNI": "6.0.2",
          "Microsoft.Extensions.Caching.Memory": "8.0.1",
          "Microsoft.Identity.Client": "4.80.0",
          "Microsoft.IdentityModel.JsonWebTokens": "7.7.1",
          "Microsoft.IdentityModel.Protocols.OpenIdConnect": "7.7.1",
          "System.Buffers": "4.6.1",
          "System.Data.Common": "4.3.0",
          "System.Diagnostics.DiagnosticSource": "8.0.1",
          "System.IdentityModel.Tokens.Jwt": "7.7.1",
          "System.Memory": "4.6.3",
          "System.Security.Cryptography.Pkcs": "8.0.1",
          "System.Text.Json": "8.0.6",
          "System.Text.RegularExpressions": "4.3.1"
        }
      },
      "Microsoft.NETFramework.ReferenceAssemblies": {
        "type": "Direct",
        "requested": "[1.0.3, )",
        "resolved": "1.0.3",
        "contentHash": "vUc9Npcs14QsyOD01tnv/m8sQUnGTGOw1BCmKcv77LBJY7OxhJ+zJF7UD/sCL3lYNFuqmQEVlkfS4Quif6FyYg==",
        "dependencies": {
          "Microsoft.NETFramework.ReferenceAssemblies.net462": "1.0.3"
        }
      },
      "Microsoft.SourceLink.GitHub": {
        "type": "Direct",
        "requested": "[8.0.0, )",
        "resolved": "8.0.0",
        "contentHash": "G5q7OqtwIyGTkeIOAc3u2ZuV/kicQaec5EaRnc0pIeSnh9LUjj+PYQrJYBURvDt7twGl2PKA7nSN0kz1Zw5bnQ==",
        "dependencies": {
          "Microsoft.Build.Tasks.Git": "8.0.0",
          "Microsoft.SourceLink.Common": "8.0.0"
        }
      },
      "Azure.Core": {
        "type": "Transitive",
        "resolved": "1.50.0",
        "contentHash": "GBNKZEhdIbTXxedvD3R7I/yDVFX9jJJEz02kCziFSJxspSQ5RMHc3GktulJ1s7+ffXaXD7kMgrtdQTaggyInLw==",
        "dependencies": {
          "Microsoft.Bcl.AsyncInterfaces": "8.0.0",
          "System.ClientModel": "1.8.0",
          "System.Diagnostics.DiagnosticSource": "8.0.1",
          "System.Memory.Data": "8.0.1",
          "System.Numerics.Vectors": "4.5.0",
          "System.Text.Encodings.Web": "8.0.0",
          "System.Text.Json": "8.0.6",
          "System.Threading.Tasks.Extensions": "4.6.0"
        }
      },
      "Azure.Identity": {
        "type": "Transitive",
        "resolved": "1.17.1",
        "contentHash": "MSZkBrctcpiGxs9Cvr2VKKoN6qFLZlP3I6xuCWJ9iTgitI5Rgxtk5gfOSpXPZE3+CJmZ/mnqpQyGyjawFn5Vvg==",
        "dependencies": {
          "Azure.Core": "1.50.0",
          "Microsoft.Identity.Client": "4.78.0",
          "Microsoft.Identity.Client.Extensions.Msal": "4.78.0",
          "System.Memory": "4.6.3"
        }
      },
      "Microsoft.Build.Tasks.Git": {
        "type": "Transitive",
        "resolved": "8.0.0",
        "contentHash": "bZKfSIKJRXLTuSzLudMFte/8CempWjVamNUR5eHJizsy+iuOuO/k2gnh7W0dHJmYY0tBf+gUErfluCv5mySAOQ=="
      },
      "Microsoft.Data.SqlClient.SNI": {
        "type": "Transitive",
        "resolved": "6.0.2",
        "contentHash": "p3Pm/+7oPSn4At6vKrttRpUOVdrcer3oZln0XeYZ94DTTQirUVzQy5QmHjdMmbyIaTaYb6BYf+8N7ob5t1ctQA=="
      },
      "Microsoft.Extensions.Caching.Abstractions": {
        "type": "Transitive",
        "resolved": "8.0.0",
        "contentHash": "3KuSxeHoNYdxVYfg2IRZCThcrlJ1XJqIXkAWikCsbm5C/bCjv7G0WoKDyuR98Q+T607QT2Zl5GsbGRkENcV2yQ==",
        "dependencies": {
          "Microsoft.Extensions.Primitives": "8.0.0"
        }
      },
      "Microsoft.Extensions.Caching.Memory": {
        "type": "Transitive",
        "resolved": "8.0.1",
        "contentHash": "HFDnhYLccngrzyGgHkjEDU5FMLn4MpOsr5ElgsBMC4yx6lJh4jeWO7fHS8+TXPq+dgxCmUa/Trl8svObmwW4QA==",
        "dependencies": {
          "Microsoft.Extensions.Caching.Abstractions": "8.0.0",
          "Microsoft.Extensions.DependencyInjection.Abstractions": "8.0.2",
          "Microsoft.Extensions.Logging.Abstractions": "8.0.2",
          "Microsoft.Extensions.Options": "8.0.2",
          "Microsoft.Extensions.Primitives": "8.0.0",
          "System.ValueTuple": "4.5.0"
        }
      },
      "Microsoft.Extensions.DependencyInjection.Abstractions": {
        "type": "Transitive",
        "resolved": "8.0.2",
        "contentHash": "3iE7UF7MQkCv1cxzCahz+Y/guQbTqieyxyaWKhrRO91itI9cOKO76OHeQDahqG4MmW5umr3CcCvGmK92lWNlbg==",
        "dependencies": {
          "Microsoft.Bcl.AsyncInterfaces": "8.0.0",
          "System.Threading.Tasks.Extensions": "4.5.4"
        }
      },
      "Microsoft.Extensions.Logging.Abstractions": {
        "type": "Transitive",
        "resolved": "8.0.3",
        "contentHash": "dL0QGToTxggRLMYY4ZYX5AMwBb+byQBd/5dMiZE07Nv73o6I5Are3C7eQTh7K2+A4ct0PVISSr7TZANbiNb2yQ==",
        "dependencies": {
          "Microsoft.Extensions.DependencyInjection.Abstractions": "8.0.2",
          "System.Buffers": "4.5.1",
          "System.Memory": "4.5.5"
        }
      },
      "Microsoft.Extensions.Options": {
        "type": "Transitive",
        "resolved": "8.0.2",
        "contentHash": "dWGKvhFybsaZpGmzkGCbNNwBD1rVlWzrZKANLW/CcbFJpCEceMCGzT7zZwHOGBCbwM0SzBuceMj5HN1LKV1QqA==",
        "dependencies": {
          "Microsoft.Extensions.DependencyInjection.Abstractions": "8.0.0",
          "Microsoft.Extensions.Primitives": "8.0.0",
          "System.ValueTuple": "4.5.0"
        }
      },
      "Microsoft.Extensions.Primitives": {
        "type": "Transitive",
        "resolved": "8.0.0",
        "contentHash": "bXJEZrW9ny8vjMF1JV253WeLhpEVzFo1lyaZu1vQ4ZxWUlVvknZ/+ftFgVheLubb4eZPSwwxBeqS1JkCOjxd8g==",
        "dependencies": {
          "System.Memory": "4.5.5",
          "System.Runtime.CompilerServices.Unsafe": "6.0.0"
        }
      },
      "Microsoft.Identity.Client": {
        "type": "Transitive",
        "resolved": "4.80.0",
        "contentHash": "nmg+q17mKdNafWvaX7Of5Xh8sxc4acsD6xOOczp7kgjAzR7bpseYGZzg38XPoS/vW7k92sGKCWgHSogB0K62KQ==",
        "dependencies": {
          "Microsoft.IdentityModel.Abstractions": "8.14.0",
          "System.Diagnostics.DiagnosticSource": "6.0.1",
          "System.Formats.Asn1": "8.0.1",
          "System.ValueTuple": "4.5.0"
        }
      },
      "Microsoft.Identity.Client.Extensions.Msal": {
        "type": "Transitive",
        "resolved": "4.78.0",
        "contentHash": "DYU9o+DrDQuyZxeq91GBA9eNqBvA3ZMkLzQpF7L9dTk6FcIBM1y1IHXWqiKXTvptPF7CZE59upbyUoa+FJ5eiA==",
        "dependencies": {
          "Microsoft.Identity.Client": "4.78.0",
          "System.IO.FileSystem.AccessControl": "5.0.0",
          "System.Security.Cryptography.ProtectedData": "4.5.0"
        }
      },
      "Microsoft.IdentityModel.Abstractions": {
        "type": "Transitive",
        "resolved": "8.14.0",
        "contentHash": "iwbCpSjD3ehfTwBhtSNEtKPK0ICun6ov7Ibx6ISNA9bfwIyzI2Siwyi9eJFCJBwxowK9xcA1mj+jBWiigeqgcQ=="
      },
      "Microsoft.IdentityModel.JsonWebTokens": {
        "type": "Transitive",
        "resolved": "7.7.1",
        "contentHash": "3Izi75UCUssvo8LPx3OVnEeZay58qaFicrtSnbtUt7q8qQi0gy46gh4V8VUTkMVMKXV6VMyjBVmeNNgeCUJuIw==",
        "dependencies": {
          "Microsoft.IdentityModel.Tokens": "7.7.1"
        }
      },
      "Microsoft.IdentityModel.Logging": {
        "type": "Transitive",
        "resolved": "7.7.1",
        "contentHash": "BZNgSq/o8gsKExdYoBKPR65fdsxW0cTF8PsdqB8y011AGUJJW300S/ZIsEUD0+sOmGc003Gwv3FYbjrVjvsLNQ==",
        "dependencies": {
          "Microsoft.IdentityModel.Abstractions": "7.7.1"
        }
      },
      "Microsoft.IdentityModel.Protocols": {
        "type": "Transitive",
        "resolved": "7.7.1",
        "contentHash": "h+fHHBGokepmCX+QZXJk4Ij8OApCb2n2ktoDkNX5CXteXsOxTHMNgjPGpAwdJMFvAL7TtGarUnk3o97NmBq2QQ==",
        "dependencies": {
          "Microsoft.IdentityModel.Tokens": "7.7.1"
        }
      },
      "Microsoft.IdentityModel.Protocols.OpenIdConnect": {
        "type": "Transitive",
        "resolved": "7.7.1",
        "contentHash": "yT2Hdj8LpPbcT9C9KlLVxXl09C8zjFaVSaApdOwuecMuoV4s6Sof/mnTDz/+F/lILPIBvrWugR9CC7iRVZgbfQ==",
        "dependencies": {
          "Microsoft.IdentityModel.Protocols": "7.7.1",
          "System.IdentityModel.Tokens.Jwt": "7.7.1",
          "System.Text.Json": "8.0.4"
        }
      },
      "Microsoft.IdentityModel.Tokens": {
        "type": "Transitive",
        "resolved": "7.7.1",
        "contentHash": "fQ0VVCba75lknUHGldi3iTKAYUQqbzp1Un8+d9cm9nON0Gs8NAkXddNg8iaUB0qi/ybtAmNWizTR4avdkCJ9pQ==",
        "dependencies": {
          "Microsoft.IdentityModel.Logging": "7.7.1",
          "System.Memory": "4.5.5",
          "System.Text.Json": "8.0.4"
        }
      },
      "Microsoft.NETFramework.ReferenceAssemblies.net462": {
        "type": "Transitive",
        "resolved": "1.0.3",
        "contentHash": "IzAV30z22ESCeQfxP29oVf4qEo8fBGXLXSU6oacv/9Iqe6PzgHDKCaWfwMBak7bSJQM0F5boXWoZS+kChztRIQ=="
      },
      "Microsoft.SourceLink.Common": {
        "type": "Transitive",
        "resolved": "8.0.0",
        "contentHash": "dk9JPxTCIevS75HyEQ0E4OVAFhB2N+V9ShCXf8Q6FkUQZDkgLI12y679Nym1YqsiSysuQskT7Z+6nUf3yab6Vw=="
      },
      "System.Buffers": {
        "type": "Transitive",
        "resolved": "4.6.1",
        "contentHash": "N8GXpmiLMtljq7gwvyS+1QvKT/W2J8sNAvx+HVg4NGmsG/H+2k/y9QI23auLJRterrzCiDH+IWAw4V/GPwsMlw=="
      },
      "System.ClientModel": {
        "type": "Transitive",
        "resolved": "1.8.0",
        "contentHash": "AqRzhn0v29GGGLj/Z6gKq4lGNtvPHT4nHdG5PDJh9IfVjv/nYUVmX11hwwws1vDFeIAzrvmn0dPu8IjLtu6fAw==",
        "dependencies": {
          "Microsoft.Extensions.Logging.Abstractions": "8.0.3",
          "System.Diagnostics.DiagnosticSource": "8.0.1",
          "System.Memory.Data": "8.0.1",
          "System.Text.Json": "8.0.6"
        }
      },
      "System.Data.Common": {
        "type": "Transitive",
        "resolved": "4.3.0",
        "contentHash": "lm6E3T5u7BOuEH0u18JpbJHxBfOJPuCyl4Kg1RH10ktYLp5uEEE1xKrHW56/We4SnZpGAuCc9N0MJpSDhTHZGQ=="
      },
      "System.Diagnostics.DiagnosticSource": {
        "type": "Transitive",
        "resolved": "8.0.1",
        "contentHash": "vaoWjvkG1aenR2XdjaVivlCV9fADfgyhW5bZtXT23qaEea0lWiUljdQuze4E31vKM7ZWJaSUsbYIKE3rnzfZUg==",
        "dependencies": {
          "System.Memory": "4.5.5",
          "System.Runtime.CompilerServices.Unsafe": "6.0.0"
        }
      },
      "System.Formats.Asn1": {
        "type": "Transitive",
        "resolved": "8.0.1",
        "contentHash": "XqKba7Mm/koKSjKMfW82olQdmfbI5yqeoLV/tidRp7fbh5rmHAQ5raDI/7SU0swTzv+jgqtUGkzmFxuUg0it1A==",
        "dependencies": {
          "System.Buffers": "4.5.1",
          "System.Memory": "4.5.5",
          "System.ValueTuple": "4.5.0"
        }
      },
      "System.IdentityModel.Tokens.Jwt": {
        "type": "Transitive",
        "resolved": "7.7.1",
        "contentHash": "rQkO1YbAjLwnDJSMpRhRtrc6XwIcEOcUvoEcge+evurpzSZM3UNK+MZfD3sKyTlYsvknZ6eJjSBfnmXqwOsT9Q==",
        "dependencies": {
          "Microsoft.IdentityModel.JsonWebTokens": "7.7.1",
          "Microsoft.IdentityModel.Tokens": "7.7.1"
        }
      },
      "System.IO.FileSystem.AccessControl": {
        "type": "Transitive",
        "resolved": "5.0.0",
        "contentHash": "SxHB3nuNrpptVk+vZ/F+7OHEpoHUIKKMl02bUmYHQr1r+glbZQxs7pRtsf4ENO29TVm2TH3AEeep2fJcy92oYw==",
        "dependencies": {
          "System.Security.AccessControl": "5.0.0",
          "System.Security.Principal.Windows": "5.0.0"
        }
      },
      "System.Memory": {
        "type": "Transitive",
        "resolved": "4.6.3",
        "contentHash": "qdcDOgnFZY40+Q9876JUHnlHu7bosOHX8XISRoH94fwk6hgaeQGSgfZd8srWRZNt5bV9ZW2TljcegDNxsf+96A==",
        "dependencies": {
          "System.Buffers": "4.6.1",
          "System.Numerics.Vectors": "4.6.1",
          "System.Runtime.CompilerServices.Unsafe": "6.1.2"
        }
      },
      "System.Memory.Data": {
        "type": "Transitive",
        "resolved": "8.0.1",
        "contentHash": "BVYuec3jV23EMRDeR7Dr1/qhx7369dZzJ9IWy2xylvb4YfXsrUxspWc4UWYid/tj4zZK58uGZqn2WQiaDMhmAg==",
        "dependencies": {
          "System.Memory": "4.5.5",
          "System.Text.Json": "8.0.5"
        }
      },
      "System.Numerics.Vectors": {
        "type": "Transitive",
        "resolved": "4.6.1",
        "contentHash": "sQxefTnhagrhoq2ReR0D/6K0zJcr9Hrd6kikeXsA1I8kOCboTavcUC4r7TSfpKFeE163uMuxZcyfO1mGO3EN8Q=="
      },
      "System.Runtime.CompilerServices.Unsafe": {
        "type": "Transitive",
        "resolved": "6.1.2",
        "contentHash": "2hBr6zdbIBTDE3EhK7NSVNdX58uTK6iHW/P/Axmm9sl1xoGSLqDvMtpecn226TNwHByFokYwJmt/aQQNlO5CRw=="
      },
      "System.Security.AccessControl": {
        "type": "Transitive",
        "resolved": "5.0.0",
        "contentHash": "dagJ1mHZO3Ani8GH0PHpPEe/oYO+rVdbQjvjJkBRNQkX4t0r1iaeGn8+/ybkSLEan3/slM0t59SVdHzuHf2jmw==",
        "dependencies": {
          "System.Security.Principal.Windows": "5.0.0"
        }
      },
      "System.Security.Cryptography.Pkcs": {
        "type": "Transitive",
        "resolved": "8.0.1",
        "contentHash": "CoCRHFym33aUSf/NtWSVSZa99dkd0Hm7OCZUxORBjRB16LNhIEOf8THPqzIYlvKM0nNDAPTRBa1FxEECrgaxxA=="
      },
      "System.Security.Cryptography.ProtectedData": {
        "type": "Transitive",
        "resolved": "4.5.0",
        "contentHash": "wLBKzFnDCxP12VL9ANydSYhk59fC4cvOr9ypYQLPnAj48NQIhqnjdD2yhP8yEKyBJEjERWS9DisKL7rX5eU25Q=="
      },
      "System.Security.Principal.Windows": {
        "type": "Transitive",
        "resolved": "5.0.0",
        "contentHash": "t0MGLukB5WAVU9bO3MGzvlGnyJPgUlcwerXn1kzBRjwLKixT96XV0Uza41W49gVd8zEMFu9vQEFlv0IOrytICA=="
      },
      "System.Text.Encodings.Web": {
        "type": "Transitive",
        "resolved": "8.0.0",
        "contentHash": "yev/k9GHAEGx2Rg3/tU6MQh4HGBXJs70y7j1LaM1i/ER9po+6nnQ6RRqTJn1E7Xu0fbIFK80Nh5EoODxrbxwBQ==",
        "dependencies": {
          "System.Buffers": "4.5.1",
          "System.Memory": "4.5.5",
          "System.Runtime.CompilerServices.Unsafe": "6.0.0"
        }
      },
      "System.Text.Json": {
        "type": "Transitive",
        "resolved": "8.0.6",
        "contentHash": "BvSpVBsVN9b+Y+wONbvJOHd1HjXQf33+XiC28ZMOwRsYb42mz3Q8YHnpTSwpwJLqYCMqM+0UUVC3V+pi25XfkQ==",
        "dependencies": {
          "Microsoft.Bcl.AsyncInterfaces": "8.0.0",
          "System.Buffers": "4.5.1",
          "System.Memory": "4.5.5",
          "System.Runtime.CompilerServices.Unsafe": "6.0.0",
          "System.Text.Encodings.Web": "8.0.0",
          "System.Threading.Tasks.Extensions": "4.5.4",
          "System.ValueTuple": "4.5.0"
        }
      },
      "System.Text.RegularExpressions": {
        "type": "Transitive",
        "resolved": "4.3.1",
        "contentHash": "N0kNRrWe4+nXOWlpLT4LAY5brb8caNFlUuIRpraCVMDLYutKkol1aV079rQjLuSxKMJT2SpBQsYX9xbcTMmzwg=="
      },
      "System.Threading.Tasks.Extensions": {
        "type": "Transitive",
        "resolved": "4.6.0",
        "contentHash": "I5G6Y8jb0xRtGUC9Lahy7FUvlYlnGMMkbuKAQBy8Jb7Y6Yn8OlBEiUOY0PqZ0hy6Ua8poVA1ui1tAIiXNxGdsg==",
        "dependencies": {
          "System.Runtime.CompilerServices.Unsafe": "6.1.0"
        }
      },
      "distributedlock.core": {
        "type": "Project",
        "dependencies": {
          "Microsoft.Bcl.AsyncInterfaces": "[8.0.0, )",
          "System.ValueTuple": "[4.5.0, )"
        }
      },
      "Microsoft.Bcl.AsyncInterfaces": {
        "type": "CentralTransitive",
        "requested": "[8.0.0, )",
        "resolved": "8.0.0",
        "contentHash": "3WA9q9yVqJp222P3x1wYIGDAkpjAku0TMUaaQV22g6L67AI0LdOIrVS7Ht2vJfLHGSPVuqN94vIr15qn+HEkHw==",
        "dependencies": {
          "System.Threading.Tasks.Extensions": "4.5.4"
        }
      },
      "System.ValueTuple": {
        "type": "CentralTransitive",
        "requested": "[4.5.0, )",
        "resolved": "4.5.0",
        "contentHash": "okurQJO6NRE/apDIP23ajJ0hpiNmJ+f0BwOlB/cSqTLQlw5upkf+5+96+iG2Jw40G1fCVCyPz/FhIABUjMR+RQ=="
      }
    },
    ".NETStandard,Version=v2.0": {
      "Microsoft.CodeAnalysis.PublicApiAnalyzers": {
        "type": "Direct",
        "requested": "[3.3.4, )",
        "resolved": "3.3.4",
        "contentHash": "kNLTfXtXUWDHVt5iaPkkiPuyHYlMgLI6SOFT4w88bfeI2vqSeGgHunFkdvlaCM8RDfcY0t2+jnesQtidRJJ/DA=="
      },
      "Microsoft.Data.SqlClient": {
        "type": "Direct",
        "requested": "[6.1.4, )",
        "resolved": "6.1.4",
        "contentHash": "lQcSog5LLImg4yNEuuG6ccvdzXnCvER8Rms9Ngk9zB4Q8na4f+S7/abSoC7gnEltBg4e5xTnLAWmMLIOtLg4pg==",
        "dependencies": {
          "Azure.Core": "1.50.0",
          "Azure.Identity": "1.17.1",
          "Microsoft.Data.SqlClient.SNI.runtime": "6.0.2",
          "Microsoft.Extensions.Caching.Memory": "8.0.1",
          "Microsoft.Identity.Client": "4.80.0",
          "Microsoft.IdentityModel.JsonWebTokens": "7.7.1",
          "Microsoft.IdentityModel.Protocols.OpenIdConnect": "7.7.1",
          "Microsoft.SqlServer.Server": "1.0.0",
          "System.Configuration.ConfigurationManager": "8.0.1",
          "System.Diagnostics.DiagnosticSource": "8.0.1",
          "System.IdentityModel.Tokens.Jwt": "7.7.1",
          "System.Security.Cryptography.Pkcs": "8.0.1",
          "System.Text.Json": "8.0.6"
        }
      },
      "Microsoft.SourceLink.GitHub": {
        "type": "Direct",
        "requested": "[8.0.0, )",
        "resolved": "8.0.0",
        "contentHash": "G5q7OqtwIyGTkeIOAc3u2ZuV/kicQaec5EaRnc0pIeSnh9LUjj+PYQrJYBURvDt7twGl2PKA7nSN0kz1Zw5bnQ==",
        "dependencies": {
          "Microsoft.Build.Tasks.Git": "8.0.0",
          "Microsoft.SourceLink.Common": "8.0.0"
        }
      },
      "NETStandard.Library": {
        "type": "Direct",
        "requested": "[2.0.3, )",
        "resolved": "2.0.3",
        "contentHash": "st47PosZSHrjECdjeIzZQbzivYBJFv6P2nv4cj2ypdI204DO+vZ7l5raGMiX4eXMJ53RfOIg+/s4DHVZ54Nu2A==",
        "dependencies": {
          "Microsoft.NETCore.Platforms": "1.1.0"
        }
      },
      "Azure.Core": {
        "type": "Transitive",
        "resolved": "1.50.0",
        "contentHash": "GBNKZEhdIbTXxedvD3R7I/yDVFX9jJJEz02kCziFSJxspSQ5RMHc3GktulJ1s7+ffXaXD7kMgrtdQTaggyInLw==",
        "dependencies": {
          "Microsoft.Bcl.AsyncInterfaces": "8.0.0",
          "System.ClientModel": "1.8.0",
          "System.Diagnostics.DiagnosticSource": "8.0.1",
          "System.Memory.Data": "8.0.1",
          "System.Numerics.Vectors": "4.5.0",
          "System.Text.Encodings.Web": "8.0.0",
          "System.Text.Json": "8.0.6",
          "System.Threading.Tasks.Extensions": "4.6.0"
        }
      },
      "Azure.Identity": {
        "type": "Transitive",
        "resolved": "1.17.1",
        "contentHash": "MSZkBrctcpiGxs9Cvr2VKKoN6qFLZlP3I6xuCWJ9iTgitI5Rgxtk5gfOSpXPZE3+CJmZ/mnqpQyGyjawFn5Vvg==",
        "dependencies": {
          "Azure.Core": "1.50.0",
          "Microsoft.Identity.Client": "4.78.0",
          "Microsoft.Identity.Client.Extensions.Msal": "4.78.0",
          "System.Memory": "4.6.3"
        }
      },
      "Microsoft.Build.Tasks.Git": {
        "type": "Transitive",
        "resolved": "8.0.0",
        "contentHash": "bZKfSIKJRXLTuSzLudMFte/8CempWjVamNUR5eHJizsy+iuOuO/k2gnh7W0dHJmYY0tBf+gUErfluCv5mySAOQ=="
      },
      "Microsoft.CSharp": {
        "type": "Transitive",
        "resolved": "4.5.0",
        "contentHash": "kaj6Wb4qoMuH3HySFJhxwQfe8R/sJsNJnANrvv8WdFPMoNbKY5htfNscv+LHCu5ipz+49m2e+WQXpLXr9XYemQ=="
      },
      "Microsoft.Data.SqlClient.SNI.runtime": {
        "type": "Transitive",
        "resolved": "6.0.2",
        "contentHash": "f+pRODTWX7Y67jXO3T5S2dIPZ9qMJNySjlZT/TKmWVNWe19N8jcWmHaqHnnchaq3gxEKv1SWVY5EFzOD06l41w=="
      },
      "Microsoft.Extensions.Caching.Abstractions": {
        "type": "Transitive",
        "resolved": "8.0.0",
        "contentHash": "3KuSxeHoNYdxVYfg2IRZCThcrlJ1XJqIXkAWikCsbm5C/bCjv7G0WoKDyuR98Q+T607QT2Zl5GsbGRkENcV2yQ==",
        "dependencies": {
          "Microsoft.Extensions.Primitives": "8.0.0"
        }
      },
      "Microsoft.Extensions.Caching.Memory": {
        "type": "Transitive",
        "resolved": "8.0.1",
        "contentHash": "HFDnhYLccngrzyGgHkjEDU5FMLn4MpOsr5ElgsBMC4yx6lJh4jeWO7fHS8+TXPq+dgxCmUa/Trl8svObmwW4QA==",
        "dependencies": {
          "Microsoft.Extensions.Caching.Abstractions": "8.0.0",
          "Microsoft.Extensions.DependencyInjection.Abstractions": "8.0.2",
          "Microsoft.Extensions.Logging.Abstractions": "8.0.2",
          "Microsoft.Extensions.Options": "8.0.2",
          "Microsoft.Extensions.Primitives": "8.0.0"
        }
      },
      "Microsoft.Extensions.DependencyInjection.Abstractions": {
        "type": "Transitive",
        "resolved": "8.0.2",
        "contentHash": "3iE7UF7MQkCv1cxzCahz+Y/guQbTqieyxyaWKhrRO91itI9cOKO76OHeQDahqG4MmW5umr3CcCvGmK92lWNlbg==",
        "dependencies": {
          "Microsoft.Bcl.AsyncInterfaces": "8.0.0",
          "System.Threading.Tasks.Extensions": "4.5.4"
        }
      },
      "Microsoft.Extensions.Logging.Abstractions": {
        "type": "Transitive",
        "resolved": "8.0.3",
        "contentHash": "dL0QGToTxggRLMYY4ZYX5AMwBb+byQBd/5dMiZE07Nv73o6I5Are3C7eQTh7K2+A4ct0PVISSr7TZANbiNb2yQ==",
        "dependencies": {
          "Microsoft.Extensions.DependencyInjection.Abstractions": "8.0.2",
          "System.Buffers": "4.5.1",
          "System.Memory": "4.5.5"
        }
      },
      "Microsoft.Extensions.Options": {
        "type": "Transitive",
        "resolved": "8.0.2",
        "contentHash": "dWGKvhFybsaZpGmzkGCbNNwBD1rVlWzrZKANLW/CcbFJpCEceMCGzT7zZwHOGBCbwM0SzBuceMj5HN1LKV1QqA==",
        "dependencies": {
          "Microsoft.Extensions.DependencyInjection.Abstractions": "8.0.0",
          "Microsoft.Extensions.Primitives": "8.0.0",
          "System.ComponentModel.Annotations": "5.0.0"
        }
      },
      "Microsoft.Extensions.Primitives": {
        "type": "Transitive",
        "resolved": "8.0.0",
        "contentHash": "bXJEZrW9ny8vjMF1JV253WeLhpEVzFo1lyaZu1vQ4ZxWUlVvknZ/+ftFgVheLubb4eZPSwwxBeqS1JkCOjxd8g==",
        "dependencies": {
          "System.Memory": "4.5.5",
          "System.Runtime.CompilerServices.Unsafe": "6.0.0"
        }
      },
      "Microsoft.Identity.Client": {
        "type": "Transitive",
        "resolved": "4.80.0",
        "contentHash": "nmg+q17mKdNafWvaX7Of5Xh8sxc4acsD6xOOczp7kgjAzR7bpseYGZzg38XPoS/vW7k92sGKCWgHSogB0K62KQ==",
        "dependencies": {
          "Microsoft.IdentityModel.Abstractions": "8.14.0",
          "System.Diagnostics.DiagnosticSource": "6.0.1",
          "System.Formats.Asn1": "8.0.1",
          "System.Security.Cryptography.Cng": "5.0.0",
          "System.ValueTuple": "4.5.0"
        }
      },
      "Microsoft.Identity.Client.Extensions.Msal": {
        "type": "Transitive",
        "resolved": "4.78.0",
        "contentHash": "DYU9o+DrDQuyZxeq91GBA9eNqBvA3ZMkLzQpF7L9dTk6FcIBM1y1IHXWqiKXTvptPF7CZE59upbyUoa+FJ5eiA==",
        "dependencies": {
          "Microsoft.Identity.Client": "4.78.0",
          "System.IO.FileSystem.AccessControl": "5.0.0",
          "System.Security.Cryptography.ProtectedData": "4.5.0"
        }
      },
      "Microsoft.IdentityModel.Abstractions": {
        "type": "Transitive",
        "resolved": "8.14.0",
        "contentHash": "iwbCpSjD3ehfTwBhtSNEtKPK0ICun6ov7Ibx6ISNA9bfwIyzI2Siwyi9eJFCJBwxowK9xcA1mj+jBWiigeqgcQ=="
      },
      "Microsoft.IdentityModel.JsonWebTokens": {
        "type": "Transitive",
        "resolved": "7.7.1",
        "contentHash": "3Izi75UCUssvo8LPx3OVnEeZay58qaFicrtSnbtUt7q8qQi0gy46gh4V8VUTkMVMKXV6VMyjBVmeNNgeCUJuIw==",
        "dependencies": {
          "Microsoft.IdentityModel.Tokens": "7.7.1"
        }
      },
      "Microsoft.IdentityModel.Logging": {
        "type": "Transitive",
        "resolved": "7.7.1",
        "contentHash": "BZNgSq/o8gsKExdYoBKPR65fdsxW0cTF8PsdqB8y011AGUJJW300S/ZIsEUD0+sOmGc003Gwv3FYbjrVjvsLNQ==",
        "dependencies": {
          "Microsoft.IdentityModel.Abstractions": "7.7.1"
        }
      },
      "Microsoft.IdentityModel.Protocols": {
        "type": "Transitive",
        "resolved": "7.7.1",
        "contentHash": "h+fHHBGokepmCX+QZXJk4Ij8OApCb2n2ktoDkNX5CXteXsOxTHMNgjPGpAwdJMFvAL7TtGarUnk3o97NmBq2QQ==",
        "dependencies": {
          "Microsoft.IdentityModel.Tokens": "7.7.1"
        }
      },
      "Microsoft.IdentityModel.Protocols.OpenIdConnect": {
        "type": "Transitive",
        "resolved": "7.7.1",
        "contentHash": "yT2Hdj8LpPbcT9C9KlLVxXl09C8zjFaVSaApdOwuecMuoV4s6Sof/mnTDz/+F/lILPIBvrWugR9CC7iRVZgbfQ==",
        "dependencies": {
          "Microsoft.IdentityModel.Protocols": "7.7.1",
          "System.IdentityModel.Tokens.Jwt": "7.7.1",
          "System.Text.Json": "8.0.4"
        }
      },
      "Microsoft.IdentityModel.Tokens": {
        "type": "Transitive",
        "resolved": "7.7.1",
        "contentHash": "fQ0VVCba75lknUHGldi3iTKAYUQqbzp1Un8+d9cm9nON0Gs8NAkXddNg8iaUB0qi/ybtAmNWizTR4avdkCJ9pQ==",
        "dependencies": {
          "Microsoft.CSharp": "4.5.0",
          "Microsoft.IdentityModel.Logging": "7.7.1",
          "System.Security.Cryptography.Cng": "4.5.0",
          "System.Text.Json": "8.0.4"
        }
      },
      "Microsoft.NETCore.Platforms": {
        "type": "Transitive",
        "resolved": "1.1.0",
        "contentHash": "kz0PEW2lhqygehI/d6XsPCQzD7ff7gUJaVGPVETX611eadGsA3A877GdSlU0LRVMCTH/+P3o2iDTak+S08V2+A=="
      },
      "Microsoft.SourceLink.Common": {
        "type": "Transitive",
        "resolved": "8.0.0",
        "contentHash": "dk9JPxTCIevS75HyEQ0E4OVAFhB2N+V9ShCXf8Q6FkUQZDkgLI12y679Nym1YqsiSysuQskT7Z+6nUf3yab6Vw=="
      },
      "Microsoft.SqlServer.Server": {
        "type": "Transitive",
        "resolved": "1.0.0",
        "contentHash": "N4KeF3cpcm1PUHym1RmakkzfkEv3GRMyofVv40uXsQhCQeglr2OHNcUk2WOG51AKpGO8ynGpo9M/kFXSzghwug=="
      },
      "System.Buffers": {
        "type": "Transitive",
        "resolved": "4.6.1",
        "contentHash": "N8GXpmiLMtljq7gwvyS+1QvKT/W2J8sNAvx+HVg4NGmsG/H+2k/y9QI23auLJRterrzCiDH+IWAw4V/GPwsMlw=="
      },
      "System.ClientModel": {
        "type": "Transitive",
        "resolved": "1.8.0",
        "contentHash": "AqRzhn0v29GGGLj/Z6gKq4lGNtvPHT4nHdG5PDJh9IfVjv/nYUVmX11hwwws1vDFeIAzrvmn0dPu8IjLtu6fAw==",
        "dependencies": {
          "Microsoft.Extensions.Logging.Abstractions": "8.0.3",
          "System.Diagnostics.DiagnosticSource": "8.0.1",
          "System.Memory.Data": "8.0.1",
          "System.Text.Json": "8.0.6"
        }
      },
      "System.ComponentModel.Annotations": {
        "type": "Transitive",
        "resolved": "5.0.0",
        "contentHash": "dMkqfy2el8A8/I76n2Hi1oBFEbG1SfxD2l5nhwXV3XjlnOmwxJlQbYpJH4W51odnU9sARCSAgv7S3CyAFMkpYg=="
      },
      "System.Configuration.ConfigurationManager": {
        "type": "Transitive",
        "resolved": "8.0.1",
        "contentHash": "gPYFPDyohW2gXNhdQRSjtmeS6FymL2crg4Sral1wtvEJ7DUqFCDWDVbbLobASbzxfic8U1hQEdC7hmg9LHncMw==",
        "dependencies": {
          "System.Security.Cryptography.ProtectedData": "8.0.0"
        }
      },
      "System.Diagnostics.DiagnosticSource": {
        "type": "Transitive",
        "resolved": "8.0.1",
        "contentHash": "vaoWjvkG1aenR2XdjaVivlCV9fADfgyhW5bZtXT23qaEea0lWiUljdQuze4E31vKM7ZWJaSUsbYIKE3rnzfZUg==",
        "dependencies": {
          "System.Memory": "4.5.5",
          "System.Runtime.CompilerServices.Unsafe": "6.0.0"
        }
      },
      "System.Formats.Asn1": {
        "type": "Transitive",
        "resolved": "8.0.1",
        "contentHash": "XqKba7Mm/koKSjKMfW82olQdmfbI5yqeoLV/tidRp7fbh5rmHAQ5raDI/7SU0swTzv+jgqtUGkzmFxuUg0it1A==",
        "dependencies": {
          "System.Buffers": "4.5.1",
          "System.Memory": "4.5.5"
        }
      },
      "System.IdentityModel.Tokens.Jwt": {
        "type": "Transitive",
        "resolved": "7.7.1",
        "contentHash": "rQkO1YbAjLwnDJSMpRhRtrc6XwIcEOcUvoEcge+evurpzSZM3UNK+MZfD3sKyTlYsvknZ6eJjSBfnmXqwOsT9Q==",
        "dependencies": {
          "Microsoft.IdentityModel.JsonWebTokens": "7.7.1",
          "Microsoft.IdentityModel.Tokens": "7.7.1"
        }
      },
      "System.IO.FileSystem.AccessControl": {
        "type": "Transitive",
        "resolved": "5.0.0",
        "contentHash": "SxHB3nuNrpptVk+vZ/F+7OHEpoHUIKKMl02bUmYHQr1r+glbZQxs7pRtsf4ENO29TVm2TH3AEeep2fJcy92oYw==",
        "dependencies": {
          "System.Buffers": "4.5.1",
          "System.Memory": "4.5.4",
          "System.Security.AccessControl": "5.0.0",
          "System.Security.Principal.Windows": "5.0.0"
        }
      },
      "System.Memory": {
        "type": "Transitive",
        "resolved": "4.6.3",
        "contentHash": "qdcDOgnFZY40+Q9876JUHnlHu7bosOHX8XISRoH94fwk6hgaeQGSgfZd8srWRZNt5bV9ZW2TljcegDNxsf+96A==",
        "dependencies": {
          "System.Buffers": "4.6.1",
          "System.Numerics.Vectors": "4.6.1",
          "System.Runtime.CompilerServices.Unsafe": "6.1.2"
        }
      },
      "System.Memory.Data": {
        "type": "Transitive",
        "resolved": "8.0.1",
        "contentHash": "BVYuec3jV23EMRDeR7Dr1/qhx7369dZzJ9IWy2xylvb4YfXsrUxspWc4UWYid/tj4zZK58uGZqn2WQiaDMhmAg==",
        "dependencies": {
          "System.Memory": "4.5.5",
          "System.Text.Json": "8.0.5"
        }
      },
      "System.Numerics.Vectors": {
        "type": "Transitive",
        "resolved": "4.6.1",
        "contentHash": "sQxefTnhagrhoq2ReR0D/6K0zJcr9Hrd6kikeXsA1I8kOCboTavcUC4r7TSfpKFeE163uMuxZcyfO1mGO3EN8Q=="
      },
      "System.Runtime.CompilerServices.Unsafe": {
        "type": "Transitive",
        "resolved": "6.1.2",
        "contentHash": "2hBr6zdbIBTDE3EhK7NSVNdX58uTK6iHW/P/Axmm9sl1xoGSLqDvMtpecn226TNwHByFokYwJmt/aQQNlO5CRw=="
      },
      "System.Security.AccessControl": {
        "type": "Transitive",
        "resolved": "5.0.0",
        "contentHash": "dagJ1mHZO3Ani8GH0PHpPEe/oYO+rVdbQjvjJkBRNQkX4t0r1iaeGn8+/ybkSLEan3/slM0t59SVdHzuHf2jmw==",
        "dependencies": {
          "System.Security.Principal.Windows": "5.0.0"
        }
      },
      "System.Security.Cryptography.Cng": {
        "type": "Transitive",
        "resolved": "5.0.0",
        "contentHash": "jIMXsKn94T9JY7PvPq/tMfqa6GAaHpElRDpmG+SuL+D3+sTw2M8VhnibKnN8Tq+4JqbPJ/f+BwtLeDMEnzAvRg=="
      },
      "System.Security.Cryptography.Pkcs": {
        "type": "Transitive",
        "resolved": "8.0.1",
        "contentHash": "CoCRHFym33aUSf/NtWSVSZa99dkd0Hm7OCZUxORBjRB16LNhIEOf8THPqzIYlvKM0nNDAPTRBa1FxEECrgaxxA==",
        "dependencies": {
          "System.Buffers": "4.5.1",
          "System.Formats.Asn1": "8.0.1",
          "System.Memory": "4.5.5",
          "System.Security.Cryptography.Cng": "5.0.0"
        }
      },
      "System.Security.Cryptography.ProtectedData": {
        "type": "Transitive",
        "resolved": "8.0.0",
        "contentHash": "+TUFINV2q2ifyXauQXRwy4CiBhqvDEDZeVJU7qfxya4aRYOKzVBpN+4acx25VcPB9ywUN6C0n8drWl110PhZEg==",
        "dependencies": {
          "System.Memory": "4.5.5"
        }
      },
      "System.Security.Principal.Windows": {
        "type": "Transitive",
        "resolved": "5.0.0",
        "contentHash": "t0MGLukB5WAVU9bO3MGzvlGnyJPgUlcwerXn1kzBRjwLKixT96XV0Uza41W49gVd8zEMFu9vQEFlv0IOrytICA=="
      },
      "System.Text.Encodings.Web": {
        "type": "Transitive",
        "resolved": "8.0.0",
        "contentHash": "yev/k9GHAEGx2Rg3/tU6MQh4HGBXJs70y7j1LaM1i/ER9po+6nnQ6RRqTJn1E7Xu0fbIFK80Nh5EoODxrbxwBQ==",
        "dependencies": {
          "System.Buffers": "4.5.1",
          "System.Memory": "4.5.5",
          "System.Runtime.CompilerServices.Unsafe": "6.0.0"
        }
      },
      "System.Text.Json": {
        "type": "Transitive",
        "resolved": "8.0.6",
        "contentHash": "BvSpVBsVN9b+Y+wONbvJOHd1HjXQf33+XiC28ZMOwRsYb42mz3Q8YHnpTSwpwJLqYCMqM+0UUVC3V+pi25XfkQ==",
        "dependencies": {
          "Microsoft.Bcl.AsyncInterfaces": "8.0.0",
          "System.Buffers": "4.5.1",
          "System.Memory": "4.5.5",
          "System.Runtime.CompilerServices.Unsafe": "6.0.0",
          "System.Text.Encodings.Web": "8.0.0",
          "System.Threading.Tasks.Extensions": "4.5.4"
        }
      },
      "System.Threading.Tasks.Extensions": {
        "type": "Transitive",
        "resolved": "4.6.0",
        "contentHash": "I5G6Y8jb0xRtGUC9Lahy7FUvlYlnGMMkbuKAQBy8Jb7Y6Yn8OlBEiUOY0PqZ0hy6Ua8poVA1ui1tAIiXNxGdsg==",
        "dependencies": {
          "System.Runtime.CompilerServices.Unsafe": "6.1.0"
        }
      },
      "System.ValueTuple": {
        "type": "Transitive",
        "resolved": "4.5.0",
        "contentHash": "okurQJO6NRE/apDIP23ajJ0hpiNmJ+f0BwOlB/cSqTLQlw5upkf+5+96+iG2Jw40G1fCVCyPz/FhIABUjMR+RQ=="
      },
      "distributedlock.core": {
        "type": "Project",
        "dependencies": {
          "Microsoft.Bcl.AsyncInterfaces": "[8.0.0, )"
        }
      },
      "Microsoft.Bcl.AsyncInterfaces": {
        "type": "CentralTransitive",
        "requested": "[8.0.0, )",
        "resolved": "8.0.0",
        "contentHash": "3WA9q9yVqJp222P3x1wYIGDAkpjAku0TMUaaQV22g6L67AI0LdOIrVS7Ht2vJfLHGSPVuqN94vIr15qn+HEkHw==",
        "dependencies": {
          "System.Threading.Tasks.Extensions": "4.5.4"
        }
      }
    },
    ".NETStandard,Version=v2.1": {
      "Microsoft.CodeAnalysis.PublicApiAnalyzers": {
        "type": "Direct",
        "requested": "[3.3.4, )",
        "resolved": "3.3.4",
        "contentHash": "kNLTfXtXUWDHVt5iaPkkiPuyHYlMgLI6SOFT4w88bfeI2vqSeGgHunFkdvlaCM8RDfcY0t2+jnesQtidRJJ/DA=="
      },
      "Microsoft.Data.SqlClient": {
        "type": "Direct",
        "requested": "[6.1.4, )",
        "resolved": "6.1.4",
        "contentHash": "lQcSog5LLImg4yNEuuG6ccvdzXnCvER8Rms9Ngk9zB4Q8na4f+S7/abSoC7gnEltBg4e5xTnLAWmMLIOtLg4pg==",
        "dependencies": {
          "Azure.Core": "1.50.0",
          "Azure.Identity": "1.17.1",
          "Microsoft.Data.SqlClient.SNI.runtime": "6.0.2",
          "Microsoft.Extensions.Caching.Memory": "8.0.1",
          "Microsoft.Identity.Client": "4.80.0",
          "Microsoft.IdentityModel.JsonWebTokens": "7.7.1",
          "Microsoft.IdentityModel.Protocols.OpenIdConnect": "7.7.1",
          "Microsoft.SqlServer.Server": "1.0.0",
          "System.Configuration.ConfigurationManager": "8.0.1",
          "System.Diagnostics.DiagnosticSource": "8.0.1",
          "System.IdentityModel.Tokens.Jwt": "7.7.1",
          "System.Security.Cryptography.Pkcs": "8.0.1",
          "System.Text.Json": "8.0.6"
        }
      },
      "Microsoft.SourceLink.GitHub": {
        "type": "Direct",
        "requested": "[8.0.0, )",
        "resolved": "8.0.0",
        "contentHash": "G5q7OqtwIyGTkeIOAc3u2ZuV/kicQaec5EaRnc0pIeSnh9LUjj+PYQrJYBURvDt7twGl2PKA7nSN0kz1Zw5bnQ==",
        "dependencies": {
          "Microsoft.Build.Tasks.Git": "8.0.0",
          "Microsoft.SourceLink.Common": "8.0.0"
        }
      },
      "Azure.Core": {
        "type": "Transitive",
        "resolved": "1.50.0",
        "contentHash": "GBNKZEhdIbTXxedvD3R7I/yDVFX9jJJEz02kCziFSJxspSQ5RMHc3GktulJ1s7+ffXaXD7kMgrtdQTaggyInLw==",
        "dependencies": {
          "Microsoft.Bcl.AsyncInterfaces": "8.0.0",
          "System.ClientModel": "1.8.0",
          "System.Diagnostics.DiagnosticSource": "8.0.1",
          "System.Memory.Data": "8.0.1",
          "System.Numerics.Vectors": "4.5.0",
          "System.Text.Encodings.Web": "8.0.0",
          "System.Text.Json": "8.0.6",
          "System.Threading.Tasks.Extensions": "4.6.0"
        }
      },
      "Azure.Identity": {
        "type": "Transitive",
        "resolved": "1.17.1",
        "contentHash": "MSZkBrctcpiGxs9Cvr2VKKoN6qFLZlP3I6xuCWJ9iTgitI5Rgxtk5gfOSpXPZE3+CJmZ/mnqpQyGyjawFn5Vvg==",
        "dependencies": {
          "Azure.Core": "1.50.0",
          "Microsoft.Identity.Client": "4.78.0",
          "Microsoft.Identity.Client.Extensions.Msal": "4.78.0",
          "System.Memory": "4.6.3"
        }
      },
      "Microsoft.Bcl.AsyncInterfaces": {
        "type": "Transitive",
        "resolved": "8.0.0",
        "contentHash": "3WA9q9yVqJp222P3x1wYIGDAkpjAku0TMUaaQV22g6L67AI0LdOIrVS7Ht2vJfLHGSPVuqN94vIr15qn+HEkHw=="
      },
      "Microsoft.Build.Tasks.Git": {
        "type": "Transitive",
        "resolved": "8.0.0",
        "contentHash": "bZKfSIKJRXLTuSzLudMFte/8CempWjVamNUR5eHJizsy+iuOuO/k2gnh7W0dHJmYY0tBf+gUErfluCv5mySAOQ=="
      },
      "Microsoft.CSharp": {
        "type": "Transitive",
        "resolved": "4.5.0",
        "contentHash": "kaj6Wb4qoMuH3HySFJhxwQfe8R/sJsNJnANrvv8WdFPMoNbKY5htfNscv+LHCu5ipz+49m2e+WQXpLXr9XYemQ=="
      },
      "Microsoft.Data.SqlClient.SNI.runtime": {
        "type": "Transitive",
        "resolved": "6.0.2",
        "contentHash": "f+pRODTWX7Y67jXO3T5S2dIPZ9qMJNySjlZT/TKmWVNWe19N8jcWmHaqHnnchaq3gxEKv1SWVY5EFzOD06l41w=="
      },
      "Microsoft.Extensions.Caching.Abstractions": {
        "type": "Transitive",
        "resolved": "8.0.0",
        "contentHash": "3KuSxeHoNYdxVYfg2IRZCThcrlJ1XJqIXkAWikCsbm5C/bCjv7G0WoKDyuR98Q+T607QT2Zl5GsbGRkENcV2yQ==",
        "dependencies": {
          "Microsoft.Extensions.Primitives": "8.0.0"
        }
      },
      "Microsoft.Extensions.Caching.Memory": {
        "type": "Transitive",
        "resolved": "8.0.1",
        "contentHash": "HFDnhYLccngrzyGgHkjEDU5FMLn4MpOsr5ElgsBMC4yx6lJh4jeWO7fHS8+TXPq+dgxCmUa/Trl8svObmwW4QA==",
        "dependencies": {
          "Microsoft.Extensions.Caching.Abstractions": "8.0.0",
          "Microsoft.Extensions.DependencyInjection.Abstractions": "8.0.2",
          "Microsoft.Extensions.Logging.Abstractions": "8.0.2",
          "Microsoft.Extensions.Options": "8.0.2",
          "Microsoft.Extensions.Primitives": "8.0.0"
        }
      },
      "Microsoft.Extensions.DependencyInjection.Abstractions": {
        "type": "Transitive",
        "resolved": "8.0.2",
        "contentHash": "3iE7UF7MQkCv1cxzCahz+Y/guQbTqieyxyaWKhrRO91itI9cOKO76OHeQDahqG4MmW5umr3CcCvGmK92lWNlbg=="
      },
      "Microsoft.Extensions.Logging.Abstractions": {
        "type": "Transitive",
        "resolved": "8.0.3",
        "contentHash": "dL0QGToTxggRLMYY4ZYX5AMwBb+byQBd/5dMiZE07Nv73o6I5Are3C7eQTh7K2+A4ct0PVISSr7TZANbiNb2yQ==",
        "dependencies": {
          "Microsoft.Extensions.DependencyInjection.Abstractions": "8.0.2",
          "System.Buffers": "4.5.1",
          "System.Memory": "4.5.5"
        }
      },
      "Microsoft.Extensions.Options": {
        "type": "Transitive",
        "resolved": "8.0.2",
        "contentHash": "dWGKvhFybsaZpGmzkGCbNNwBD1rVlWzrZKANLW/CcbFJpCEceMCGzT7zZwHOGBCbwM0SzBuceMj5HN1LKV1QqA==",
        "dependencies": {
          "Microsoft.Extensions.DependencyInjection.Abstractions": "8.0.0",
          "Microsoft.Extensions.Primitives": "8.0.0",
          "System.ComponentModel.Annotations": "5.0.0"
        }
      },
      "Microsoft.Extensions.Primitives": {
        "type": "Transitive",
        "resolved": "8.0.0",
        "contentHash": "bXJEZrW9ny8vjMF1JV253WeLhpEVzFo1lyaZu1vQ4ZxWUlVvknZ/+ftFgVheLubb4eZPSwwxBeqS1JkCOjxd8g==",
        "dependencies": {
          "System.Memory": "4.5.5",
          "System.Runtime.CompilerServices.Unsafe": "6.0.0"
        }
      },
      "Microsoft.Identity.Client": {
        "type": "Transitive",
        "resolved": "4.80.0",
        "contentHash": "nmg+q17mKdNafWvaX7Of5Xh8sxc4acsD6xOOczp7kgjAzR7bpseYGZzg38XPoS/vW7k92sGKCWgHSogB0K62KQ==",
        "dependencies": {
          "Microsoft.IdentityModel.Abstractions": "8.14.0",
          "System.Diagnostics.DiagnosticSource": "6.0.1",
          "System.Formats.Asn1": "8.0.1",
          "System.Security.Cryptography.Cng": "5.0.0",
          "System.ValueTuple": "4.5.0"
        }
      },
      "Microsoft.Identity.Client.Extensions.Msal": {
        "type": "Transitive",
        "resolved": "4.78.0",
        "contentHash": "DYU9o+DrDQuyZxeq91GBA9eNqBvA3ZMkLzQpF7L9dTk6FcIBM1y1IHXWqiKXTvptPF7CZE59upbyUoa+FJ5eiA==",
        "dependencies": {
          "Microsoft.Identity.Client": "4.78.0",
          "System.IO.FileSystem.AccessControl": "5.0.0",
          "System.Security.Cryptography.ProtectedData": "4.5.0"
        }
      },
      "Microsoft.IdentityModel.Abstractions": {
        "type": "Transitive",
        "resolved": "8.14.0",
        "contentHash": "iwbCpSjD3ehfTwBhtSNEtKPK0ICun6ov7Ibx6ISNA9bfwIyzI2Siwyi9eJFCJBwxowK9xcA1mj+jBWiigeqgcQ=="
      },
      "Microsoft.IdentityModel.JsonWebTokens": {
        "type": "Transitive",
        "resolved": "7.7.1",
        "contentHash": "3Izi75UCUssvo8LPx3OVnEeZay58qaFicrtSnbtUt7q8qQi0gy46gh4V8VUTkMVMKXV6VMyjBVmeNNgeCUJuIw==",
        "dependencies": {
          "Microsoft.IdentityModel.Tokens": "7.7.1"
        }
      },
      "Microsoft.IdentityModel.Logging": {
        "type": "Transitive",
        "resolved": "7.7.1",
        "contentHash": "BZNgSq/o8gsKExdYoBKPR65fdsxW0cTF8PsdqB8y011AGUJJW300S/ZIsEUD0+sOmGc003Gwv3FYbjrVjvsLNQ==",
        "dependencies": {
          "Microsoft.IdentityModel.Abstractions": "7.7.1"
        }
      },
      "Microsoft.IdentityModel.Protocols": {
        "type": "Transitive",
        "resolved": "7.7.1",
        "contentHash": "h+fHHBGokepmCX+QZXJk4Ij8OApCb2n2ktoDkNX5CXteXsOxTHMNgjPGpAwdJMFvAL7TtGarUnk3o97NmBq2QQ==",
        "dependencies": {
          "Microsoft.IdentityModel.Tokens": "7.7.1"
        }
      },
      "Microsoft.IdentityModel.Protocols.OpenIdConnect": {
        "type": "Transitive",
        "resolved": "7.7.1",
        "contentHash": "yT2Hdj8LpPbcT9C9KlLVxXl09C8zjFaVSaApdOwuecMuoV4s6Sof/mnTDz/+F/lILPIBvrWugR9CC7iRVZgbfQ==",
        "dependencies": {
          "Microsoft.IdentityModel.Protocols": "7.7.1",
          "System.IdentityModel.Tokens.Jwt": "7.7.1",
          "System.Text.Json": "8.0.4"
        }
      },
      "Microsoft.IdentityModel.Tokens": {
        "type": "Transitive",
        "resolved": "7.7.1",
        "contentHash": "fQ0VVCba75lknUHGldi3iTKAYUQqbzp1Un8+d9cm9nON0Gs8NAkXddNg8iaUB0qi/ybtAmNWizTR4avdkCJ9pQ==",
        "dependencies": {
          "Microsoft.CSharp": "4.5.0",
          "Microsoft.IdentityModel.Logging": "7.7.1",
          "System.Security.Cryptography.Cng": "4.5.0",
          "System.Text.Json": "8.0.4"
        }
      },
      "Microsoft.SourceLink.Common": {
        "type": "Transitive",
        "resolved": "8.0.0",
        "contentHash": "dk9JPxTCIevS75HyEQ0E4OVAFhB2N+V9ShCXf8Q6FkUQZDkgLI12y679Nym1YqsiSysuQskT7Z+6nUf3yab6Vw=="
      },
      "Microsoft.SqlServer.Server": {
        "type": "Transitive",
        "resolved": "1.0.0",
        "contentHash": "N4KeF3cpcm1PUHym1RmakkzfkEv3GRMyofVv40uXsQhCQeglr2OHNcUk2WOG51AKpGO8ynGpo9M/kFXSzghwug=="
      },
      "System.Buffers": {
        "type": "Transitive",
        "resolved": "4.5.1",
        "contentHash": "Rw7ijyl1qqRS0YQD/WycNst8hUUMgrMH4FCn1nNm27M4VxchZ1js3fVjQaANHO5f3sN4isvP4a+Met9Y4YomAg=="
      },
      "System.ClientModel": {
        "type": "Transitive",
        "resolved": "1.8.0",
        "contentHash": "AqRzhn0v29GGGLj/Z6gKq4lGNtvPHT4nHdG5PDJh9IfVjv/nYUVmX11hwwws1vDFeIAzrvmn0dPu8IjLtu6fAw==",
        "dependencies": {
          "Microsoft.Extensions.Logging.Abstractions": "8.0.3",
          "System.Diagnostics.DiagnosticSource": "8.0.1",
          "System.Memory.Data": "8.0.1",
          "System.Text.Json": "8.0.6"
        }
      },
      "System.ComponentModel.Annotations": {
        "type": "Transitive",
        "resolved": "5.0.0",
        "contentHash": "dMkqfy2el8A8/I76n2Hi1oBFEbG1SfxD2l5nhwXV3XjlnOmwxJlQbYpJH4W51odnU9sARCSAgv7S3CyAFMkpYg=="
      },
      "System.Configuration.ConfigurationManager": {
        "type": "Transitive",
        "resolved": "8.0.1",
        "contentHash": "gPYFPDyohW2gXNhdQRSjtmeS6FymL2crg4Sral1wtvEJ7DUqFCDWDVbbLobASbzxfic8U1hQEdC7hmg9LHncMw==",
        "dependencies": {
          "System.Security.Cryptography.ProtectedData": "8.0.0"
        }
      },
      "System.Formats.Asn1": {
        "type": "Transitive",
        "resolved": "8.0.1",
        "contentHash": "XqKba7Mm/koKSjKMfW82olQdmfbI5yqeoLV/tidRp7fbh5rmHAQ5raDI/7SU0swTzv+jgqtUGkzmFxuUg0it1A==",
        "dependencies": {
          "System.Buffers": "4.5.1",
          "System.Memory": "4.5.5"
        }
      },
      "System.IdentityModel.Tokens.Jwt": {
        "type": "Transitive",
        "resolved": "7.7.1",
        "contentHash": "rQkO1YbAjLwnDJSMpRhRtrc6XwIcEOcUvoEcge+evurpzSZM3UNK+MZfD3sKyTlYsvknZ6eJjSBfnmXqwOsT9Q==",
        "dependencies": {
          "Microsoft.IdentityModel.JsonWebTokens": "7.7.1",
          "Microsoft.IdentityModel.Tokens": "7.7.1"
        }
      },
      "System.IO.FileSystem.AccessControl": {
        "type": "Transitive",
        "resolved": "5.0.0",
        "contentHash": "SxHB3nuNrpptVk+vZ/F+7OHEpoHUIKKMl02bUmYHQr1r+glbZQxs7pRtsf4ENO29TVm2TH3AEeep2fJcy92oYw==",
        "dependencies": {
          "System.Buffers": "4.5.1",
          "System.Memory": "4.5.4",
          "System.Security.AccessControl": "5.0.0",
          "System.Security.Principal.Windows": "5.0.0"
        }
      },
      "System.Memory": {
        "type": "Transitive",
        "resolved": "4.6.3",
        "contentHash": "qdcDOgnFZY40+Q9876JUHnlHu7bosOHX8XISRoH94fwk6hgaeQGSgfZd8srWRZNt5bV9ZW2TljcegDNxsf+96A=="
      },
      "System.Memory.Data": {
        "type": "Transitive",
        "resolved": "8.0.1",
        "contentHash": "BVYuec3jV23EMRDeR7Dr1/qhx7369dZzJ9IWy2xylvb4YfXsrUxspWc4UWYid/tj4zZK58uGZqn2WQiaDMhmAg==",
        "dependencies": {
          "System.Memory": "4.5.5",
          "System.Text.Json": "8.0.5"
        }
      },
      "System.Numerics.Vectors": {
        "type": "Transitive",
        "resolved": "4.5.0",
        "contentHash": "QQTlPTl06J/iiDbJCiepZ4H//BVraReU4O4EoRw1U02H5TLUIT7xn3GnDp9AXPSlJUDyFs4uWjWafNX6WrAojQ=="
      },
      "System.Runtime.CompilerServices.Unsafe": {
        "type": "Transitive",
        "resolved": "6.1.2",
        "contentHash": "2hBr6zdbIBTDE3EhK7NSVNdX58uTK6iHW/P/Axmm9sl1xoGSLqDvMtpecn226TNwHByFokYwJmt/aQQNlO5CRw=="
      },
      "System.Security.AccessControl": {
        "type": "Transitive",
        "resolved": "5.0.0",
        "contentHash": "dagJ1mHZO3Ani8GH0PHpPEe/oYO+rVdbQjvjJkBRNQkX4t0r1iaeGn8+/ybkSLEan3/slM0t59SVdHzuHf2jmw==",
        "dependencies": {
          "System.Security.Principal.Windows": "5.0.0"
        }
      },
      "System.Security.Cryptography.Cng": {
        "type": "Transitive",
        "resolved": "5.0.0",
        "contentHash": "jIMXsKn94T9JY7PvPq/tMfqa6GAaHpElRDpmG+SuL+D3+sTw2M8VhnibKnN8Tq+4JqbPJ/f+BwtLeDMEnzAvRg=="
      },
      "System.Security.Cryptography.Pkcs": {
        "type": "Transitive",
        "resolved": "8.0.1",
        "contentHash": "CoCRHFym33aUSf/NtWSVSZa99dkd0Hm7OCZUxORBjRB16LNhIEOf8THPqzIYlvKM0nNDAPTRBa1FxEECrgaxxA==",
        "dependencies": {
          "System.Formats.Asn1": "8.0.1",
          "System.Security.Cryptography.Cng": "5.0.0"
        }
      },
      "System.Security.Cryptography.ProtectedData": {
        "type": "Transitive",
        "resolved": "8.0.0",
        "contentHash": "+TUFINV2q2ifyXauQXRwy4CiBhqvDEDZeVJU7qfxya4aRYOKzVBpN+4acx25VcPB9ywUN6C0n8drWl110PhZEg==",
        "dependencies": {
          "System.Memory": "4.5.5"
        }
      },
      "System.Security.Principal.Windows": {
        "type": "Transitive",
        "resolved": "5.0.0",
        "contentHash": "t0MGLukB5WAVU9bO3MGzvlGnyJPgUlcwerXn1kzBRjwLKixT96XV0Uza41W49gVd8zEMFu9vQEFlv0IOrytICA=="
      },
      "System.Text.Encodings.Web": {
        "type": "Transitive",
        "resolved": "8.0.0",
        "contentHash": "yev/k9GHAEGx2Rg3/tU6MQh4HGBXJs70y7j1LaM1i/ER9po+6nnQ6RRqTJn1E7Xu0fbIFK80Nh5EoODxrbxwBQ==",
        "dependencies": {
          "System.Buffers": "4.5.1",
          "System.Memory": "4.5.5",
          "System.Runtime.CompilerServices.Unsafe": "6.0.0"
        }
      },
      "System.Text.Json": {
        "type": "Transitive",
        "resolved": "8.0.6",
        "contentHash": "BvSpVBsVN9b+Y+wONbvJOHd1HjXQf33+XiC28ZMOwRsYb42mz3Q8YHnpTSwpwJLqYCMqM+0UUVC3V+pi25XfkQ==",
        "dependencies": {
          "Microsoft.Bcl.AsyncInterfaces": "8.0.0",
          "System.Buffers": "4.5.1",
          "System.Memory": "4.5.5",
          "System.Runtime.CompilerServices.Unsafe": "6.0.0",
          "System.Text.Encodings.Web": "8.0.0",
          "System.Threading.Tasks.Extensions": "4.5.4"
        }
      },
      "System.Threading.Tasks.Extensions": {
        "type": "Transitive",
        "resolved": "4.6.0",
        "contentHash": "I5G6Y8jb0xRtGUC9Lahy7FUvlYlnGMMkbuKAQBy8Jb7Y6Yn8OlBEiUOY0PqZ0hy6Ua8poVA1ui1tAIiXNxGdsg==",
        "dependencies": {
          "System.Runtime.CompilerServices.Unsafe": "6.1.0"
        }
      },
      "System.ValueTuple": {
        "type": "Transitive",
        "resolved": "4.5.0",
        "contentHash": "okurQJO6NRE/apDIP23ajJ0hpiNmJ+f0BwOlB/cSqTLQlw5upkf+5+96+iG2Jw40G1fCVCyPz/FhIABUjMR+RQ=="
      },
      "distributedlock.core": {
        "type": "Project"
      },
      "System.Diagnostics.DiagnosticSource": {
        "type": "CentralTransitive",
        "requested": "[10.0.1, )",
        "resolved": "10.0.1",
        "contentHash": "wVYO4/71Pk177uQ3TG8ZQFS3Pnmr98cF9pYxnpuIb/bMnbEWsdZZoLU/euv29mfSi2/Iuypj0TRUchPk7aqBGg==",
        "dependencies": {
          "System.Memory": "4.6.3",
          "System.Runtime.CompilerServices.Unsafe": "6.1.2"
        }
      }
    }
  }
}